// !$*UTF8*$!
{
	archiveVersion = 1;
	classes = {
	};
	objectVersion = 46;
	objects = {

/* Begin PBXBuildFile section */
		C38A3D56194BEF2500A0B39B /* AppDelegate.swift in Sources */ = {isa = PBXBuildFile; fileRef = C38A3D55194BEF2500A0B39B /* AppDelegate.swift */; };
		C38A3D59194BEF2500A0B39B /* WorldCup.xcdatamodeld in Sources */ = {isa = PBXBuildFile; fileRef = C38A3D57194BEF2500A0B39B /* WorldCup.xcdatamodeld */; };
		C38A3D5B194BEF2500A0B39B /* Images.xcassets in Resources */ = {isa = PBXBuildFile; fileRef = C38A3D5A194BEF2500A0B39B /* Images.xcassets */; };
		C38A3D67194BEF2500A0B39B /* WorldCupTests.swift in Sources */ = {isa = PBXBuildFile; fileRef = C38A3D66194BEF2500A0B39B /* WorldCupTests.swift */; };
		C38A3D71194BEF6F00A0B39B /* Storyboard.storyboard in Resources */ = {isa = PBXBuildFile; fileRef = C38A3D70194BEF6F00A0B39B /* Storyboard.storyboard */; };
		C38A3D74194BEFC600A0B39B /* worldcup2014demo.xcdatamodeld in Sources */ = {isa = PBXBuildFile; fileRef = C38A3D72194BEFC600A0B39B /* worldcup2014demo.xcdatamodeld */; };
		C38A3D7A194BF48E00A0B39B /* PlayerViewController.swift in Sources */ = {isa = PBXBuildFile; fileRef = C38A3D79194BF48E00A0B39B /* PlayerViewController.swift */; };
		C38B21D6194BFC8A00CEEA63 /* MainViewController.swift in Sources */ = {isa = PBXBuildFile; fileRef = C38B21D5194BFC8A00CEEA63 /* MainViewController.swift */; };
		C3A4CB34194DE6A900A88B63 /* NewsViewController.swift in Sources */ = {isa = PBXBuildFile; fileRef = C3A4CB33194DE6A900A88B63 /* NewsViewController.swift */; };
		C3A4CB38194DE7AB00A88B63 /* 2014.png in Resources */ = {isa = PBXBuildFile; fileRef = C3A4CB37194DE7AB00A88B63 /* 2014.png */; };
		C3C241C5194D6AA700A37C1A /* TeamViewController.swift in Sources */ = {isa = PBXBuildFile; fileRef = C3C241C3194D6AA700A37C1A /* TeamViewController.swift */; };
		C3C241C9194D6AC300A37C1A /* MatchViewController.swift in Sources */ = {isa = PBXBuildFile; fileRef = C3C241C7194D6AC300A37C1A /* MatchViewController.swift */; };
		C3C241CD194D6AD500A37C1A /* ShooterViewController.swift in Sources */ = {isa = PBXBuildFile; fileRef = C3C241CB194D6AD500A37C1A /* ShooterViewController.swift */; };
		C3C241D4194D6C1300A37C1A /* TeamCollectionViewCell.swift in Sources */ = {isa = PBXBuildFile; fileRef = C3C241D3194D6C1300A37C1A /* TeamCollectionViewCell.swift */; };
		C3ECF89E194DC9F30021A20F /* TeamCollectionReusableView.swift in Sources */ = {isa = PBXBuildFile; fileRef = C3ECF89D194DC9F30021A20F /* TeamCollectionReusableView.swift */; };
		C3ECF8BF194DDAD90021A20F /* 1A1.png in Resources */ = {isa = PBXBuildFile; fileRef = C3ECF89F194DDAD90021A20F /* 1A1.png */; };
		C3ECF8C0194DDAD90021A20F /* 4A4.png in Resources */ = {isa = PBXBuildFile; fileRef = C3ECF8A0194DDAD90021A20F /* 4A4.png */; };
		C3ECF8C1194DDAD90021A20F /* 3A3.png in Resources */ = {isa = PBXBuildFile; fileRef = C3ECF8A1194DDAD90021A20F /* 3A3.png */; };
		C3ECF8C2194DDAD90021A20F /* 2A2.png in Resources */ = {isa = PBXBuildFile; fileRef = C3ECF8A2194DDAD90021A20F /* 2A2.png */; };
		C3ECF8C3194DDAD90021A20F /* 5B1.png in Resources */ = {isa = PBXBuildFile; fileRef = C3ECF8A3194DDAD90021A20F /* 5B1.png */; };
		C3ECF8C4194DDAD90021A20F /* 7B3.png in Resources */ = {isa = PBXBuildFile; fileRef = C3ECF8A4194DDAD90021A20F /* 7B3.png */; };
		C3ECF8C5194DDAD90021A20F /* 8B4.png in Resources */ = {isa = PBXBuildFile; fileRef = C3ECF8A5194DDAD90021A20F /* 8B4.png */; };
		C3ECF8C6194DDAD90021A20F /* 6B2.png in Resources */ = {isa = PBXBuildFile; fileRef = C3ECF8A6194DDAD90021A20F /* 6B2.png */; };
		C3ECF8C7194DDAD90021A20F /* 9C1.png in Resources */ = {isa = PBXBuildFile; fileRef = C3ECF8A7194DDAD90021A20F /* 9C1.png */; };
		C3ECF8C8194DDAD90021A20F /* 12C4.png in Resources */ = {isa = PBXBuildFile; fileRef = C3ECF8A8194DDAD90021A20F /* 12C4.png */; };
		C3ECF8C9194DDAD90021A20F /* 10C2.png in Resources */ = {isa = PBXBuildFile; fileRef = C3ECF8A9194DDAD90021A20F /* 10C2.png */; };
		C3ECF8CA194DDAD90021A20F /* 11C3.png in Resources */ = {isa = PBXBuildFile; fileRef = C3ECF8AA194DDAD90021A20F /* 11C3.png */; };
		C3ECF8CB194DDAD90021A20F /* 13D1.png in Resources */ = {isa = PBXBuildFile; fileRef = C3ECF8AB194DDAD90021A20F /* 13D1.png */; };
		C3ECF8CC194DDAD90021A20F /* 15D3.png in Resources */ = {isa = PBXBuildFile; fileRef = C3ECF8AC194DDAD90021A20F /* 15D3.png */; };
		C3ECF8CD194DDAD90021A20F /* 14D2.png in Resources */ = {isa = PBXBuildFile; fileRef = C3ECF8AD194DDAD90021A20F /* 14D2.png */; };
		C3ECF8CE194DDAD90021A20F /* 16D4.png in Resources */ = {isa = PBXBuildFile; fileRef = C3ECF8AE194DDAD90021A20F /* 16D4.png */; };
		C3ECF8CF194DDAD90021A20F /* 17E1.png in Resources */ = {isa = PBXBuildFile; fileRef = C3ECF8AF194DDAD90021A20F /* 17E1.png */; };
		C3ECF8D0194DDAD90021A20F /* 18E2.png in Resources */ = {isa = PBXBuildFile; fileRef = C3ECF8B0194DDAD90021A20F /* 18E2.png */; };
		C3ECF8D1194DDAD90021A20F /* 20E4.png in Resources */ = {isa = PBXBuildFile; fileRef = C3ECF8B1194DDAD90021A20F /* 20E4.png */; };
		C3ECF8D2194DDAD90021A20F /* 19E3.png in Resources */ = {isa = PBXBuildFile; fileRef = C3ECF8B2194DDAD90021A20F /* 19E3.png */; };
		C3ECF8D3194DDAD90021A20F /* 21F1.png in Resources */ = {isa = PBXBuildFile; fileRef = C3ECF8B3194DDAD90021A20F /* 21F1.png */; };
		C3ECF8D4194DDAD90021A20F /* 24F4.png in Resources */ = {isa = PBXBuildFile; fileRef = C3ECF8B4194DDAD90021A20F /* 24F4.png */; };
		C3ECF8D5194DDAD90021A20F /* 23F3.png in Resources */ = {isa = PBXBuildFile; fileRef = C3ECF8B5194DDAD90021A20F /* 23F3.png */; };
		C3ECF8D6194DDAD90021A20F /* 22F2.png in Resources */ = {isa = PBXBuildFile; fileRef = C3ECF8B6194DDAD90021A20F /* 22F2.png */; };
		C3ECF8D7194DDAD90021A20F /* 25G1.png in Resources */ = {isa = PBXBuildFile; fileRef = C3ECF8B7194DDAD90021A20F /* 25G1.png */; };
		C3ECF8D8194DDAD90021A20F /* 26G2.png in Resources */ = {isa = PBXBuildFile; fileRef = C3ECF8B8194DDAD90021A20F /* 26G2.png */; };
		C3ECF8D9194DDAD90021A20F /* 28G4.png in Resources */ = {isa = PBXBuildFile; fileRef = C3ECF8B9194DDAD90021A20F /* 28G4.png */; };
		C3ECF8DA194DDAD90021A20F /* 27G3.png in Resources */ = {isa = PBXBuildFile; fileRef = C3ECF8BA194DDAD90021A20F /* 27G3.png */; };
		C3ECF8DB194DDAD90021A20F /* 29H1.png in Resources */ = {isa = PBXBuildFile; fileRef = C3ECF8BB194DDAD90021A20F /* 29H1.png */; };
		C3ECF8DC194DDAD90021A20F /* 30H2.png in Resources */ = {isa = PBXBuildFile; fileRef = C3ECF8BC194DDAD90021A20F /* 30H2.png */; };
		C3ECF8DD194DDAD90021A20F /* 32H4.png in Resources */ = {isa = PBXBuildFile; fileRef = C3ECF8BD194DDAD90021A20F /* 32H4.png */; };
		C3ECF8DE194DDAD90021A20F /* 33H3.png in Resources */ = {isa = PBXBuildFile; fileRef = C3ECF8BE194DDAD90021A20F /* 33H3.png */; };
/* End PBXBuildFile section */

/* Begin PBXContainerItemProxy section */
		C38A3D61194BEF2500A0B39B /* PBXContainerItemProxy */ = {
			isa = PBXContainerItemProxy;
			containerPortal = C38A3D48194BEF2500A0B39B /* Project object */;
			proxyType = 1;
			remoteGlobalIDString = C38A3D4F194BEF2500A0B39B;
			remoteInfo = WorldCup;
		};
/* End PBXContainerItemProxy section */

/* Begin PBXFileReference section */
		C38A3D50194BEF2500A0B39B /* WorldCup.app */ = {isa = PBXFileReference; explicitFileType = wrapper.application; includeInIndex = 0; path = WorldCup.app; sourceTree = BUILT_PRODUCTS_DIR; };
		C38A3D54194BEF2500A0B39B /* Info.plist */ = {isa = PBXFileReference; lastKnownFileType = text.plist.xml; path = Info.plist; sourceTree = "<group>"; };
		C38A3D55194BEF2500A0B39B /* AppDelegate.swift */ = {isa = PBXFileReference; lastKnownFileType = sourcecode.swift; path = AppDelegate.swift; sourceTree = "<group>"; };
		C38A3D58194BEF2500A0B39B /* WorldCup.xcdatamodel */ = {isa = PBXFileReference; lastKnownFileType = wrapper.xcdatamodel; path = WorldCup.xcdatamodel; sourceTree = "<group>"; };
		C38A3D5A194BEF2500A0B39B /* Images.xcassets */ = {isa = PBXFileReference; lastKnownFileType = folder.assetcatalog; path = Images.xcassets; sourceTree = "<group>"; };
		C38A3D60194BEF2500A0B39B /* WorldCupTests.xctest */ = {isa = PBXFileReference; explicitFileType = wrapper.cfbundle; includeInIndex = 0; path = WorldCupTests.xctest; sourceTree = BUILT_PRODUCTS_DIR; };
		C38A3D65194BEF2500A0B39B /* Info.plist */ = {isa = PBXFileReference; lastKnownFileType = text.plist.xml; path = Info.plist; sourceTree = "<group>"; };
		C38A3D66194BEF2500A0B39B /* WorldCupTests.swift */ = {isa = PBXFileReference; lastKnownFileType = sourcecode.swift; path = WorldCupTests.swift; sourceTree = "<group>"; };
		C38A3D70194BEF6F00A0B39B /* Storyboard.storyboard */ = {isa = PBXFileReference; fileEncoding = 4; lastKnownFileType = file.storyboard; path = Storyboard.storyboard; sourceTree = "<group>"; };
		C38A3D73194BEFC600A0B39B /* worldcup2014demo.xcdatamodel */ = {isa = PBXFileReference; lastKnownFileType = wrapper.xcdatamodel; path = worldcup2014demo.xcdatamodel; sourceTree = "<group>"; };
		C38A3D79194BF48E00A0B39B /* PlayerViewController.swift */ = {isa = PBXFileReference; fileEncoding = 4; lastKnownFileType = sourcecode.swift; path = PlayerViewController.swift; sourceTree = "<group>"; };
		C38B21D5194BFC8A00CEEA63 /* MainViewController.swift */ = {isa = PBXFileReference; fileEncoding = 4; lastKnownFileType = sourcecode.swift; path = MainViewController.swift; sourceTree = "<group>"; };
		C3A4CB33194DE6A900A88B63 /* NewsViewController.swift */ = {isa = PBXFileReference; fileEncoding = 4; lastKnownFileType = sourcecode.swift; path = NewsViewController.swift; sourceTree = "<group>"; };
		C3A4CB37194DE7AB00A88B63 /* 2014.png */ = {isa = PBXFileReference; lastKnownFileType = image.png; path = 2014.png; sourceTree = "<group>"; };
		C3C241C3194D6AA700A37C1A /* TeamViewController.swift */ = {isa = PBXFileReference; fileEncoding = 4; lastKnownFileType = sourcecode.swift; name = TeamViewController.swift; path = ../TeamViewController.swift; sourceTree = "<group>"; };
		C3C241C7194D6AC300A37C1A /* MatchViewController.swift */ = {isa = PBXFileReference; fileEncoding = 4; lastKnownFileType = sourcecode.swift; path = MatchViewController.swift; sourceTree = "<group>"; };
		C3C241CB194D6AD500A37C1A /* ShooterViewController.swift */ = {isa = PBXFileReference; fileEncoding = 4; lastKnownFileType = sourcecode.swift; path = ShooterViewController.swift; sourceTree = "<group>"; };
		C3C241D3194D6C1300A37C1A /* TeamCollectionViewCell.swift */ = {isa = PBXFileReference; fileEncoding = 4; lastKnownFileType = sourcecode.swift; path = TeamCollectionViewCell.swift; sourceTree = "<group>"; };
		C3C24218194D770F00A37C1A /* TestPlayground.playground */ = {isa = PBXFileReference; lastKnownFileType = file.playground; path = TestPlayground.playground; sourceTree = "<group>"; };
		C3ECF89D194DC9F30021A20F /* TeamCollectionReusableView.swift */ = {isa = PBXFileReference; fileEncoding = 4; lastKnownFileType = sourcecode.swift; path = TeamCollectionReusableView.swift; sourceTree = "<group>"; };
		C3ECF89F194DDAD90021A20F /* 1A1.png */ = {isa = PBXFileReference; lastKnownFileType = image.png; path = 1A1.png; sourceTree = "<group>"; };
		C3ECF8A0194DDAD90021A20F /* 4A4.png */ = {isa = PBXFileReference; lastKnownFileType = image.png; path = 4A4.png; sourceTree = "<group>"; };
		C3ECF8A1194DDAD90021A20F /* 3A3.png */ = {isa = PBXFileReference; lastKnownFileType = image.png; path = 3A3.png; sourceTree = "<group>"; };
		C3ECF8A2194DDAD90021A20F /* 2A2.png */ = {isa = PBXFileReference; lastKnownFileType = image.png; path = 2A2.png; sourceTree = "<group>"; };
		C3ECF8A3194DDAD90021A20F /* 5B1.png */ = {isa = PBXFileReference; lastKnownFileType = image.png; path = 5B1.png; sourceTree = "<group>"; };
		C3ECF8A4194DDAD90021A20F /* 7B3.png */ = {isa = PBXFileReference; lastKnownFileType = image.png; path = 7B3.png; sourceTree = "<group>"; };
		C3ECF8A5194DDAD90021A20F /* 8B4.png */ = {isa = PBXFileReference; lastKnownFileType = image.png; path = 8B4.png; sourceTree = "<group>"; };
		C3ECF8A6194DDAD90021A20F /* 6B2.png */ = {isa = PBXFileReference; lastKnownFileType = image.png; path = 6B2.png; sourceTree = "<group>"; };
		C3ECF8A7194DDAD90021A20F /* 9C1.png */ = {isa = PBXFileReference; lastKnownFileType = image.png; path = 9C1.png; sourceTree = "<group>"; };
		C3ECF8A8194DDAD90021A20F /* 12C4.png */ = {isa = PBXFileReference; lastKnownFileType = image.png; path = 12C4.png; sourceTree = "<group>"; };
		C3ECF8A9194DDAD90021A20F /* 10C2.png */ = {isa = PBXFileReference; lastKnownFileType = image.png; path = 10C2.png; sourceTree = "<group>"; };
		C3ECF8AA194DDAD90021A20F /* 11C3.png */ = {isa = PBXFileReference; lastKnownFileType = image.png; path = 11C3.png; sourceTree = "<group>"; };
		C3ECF8AB194DDAD90021A20F /* 13D1.png */ = {isa = PBXFileReference; lastKnownFileType = image.png; path = 13D1.png; sourceTree = "<group>"; };
		C3ECF8AC194DDAD90021A20F /* 15D3.png */ = {isa = PBXFileReference; lastKnownFileType = image.png; path = 15D3.png; sourceTree = "<group>"; };
		C3ECF8AD194DDAD90021A20F /* 14D2.png */ = {isa = PBXFileReference; lastKnownFileType = image.png; path = 14D2.png; sourceTree = "<group>"; };
		C3ECF8AE194DDAD90021A20F /* 16D4.png */ = {isa = PBXFileReference; lastKnownFileType = image.png; path = 16D4.png; sourceTree = "<group>"; };
		C3ECF8AF194DDAD90021A20F /* 17E1.png */ = {isa = PBXFileReference; lastKnownFileType = image.png; path = 17E1.png; sourceTree = "<group>"; };
		C3ECF8B0194DDAD90021A20F /* 18E2.png */ = {isa = PBXFileReference; lastKnownFileType = image.png; path = 18E2.png; sourceTree = "<group>"; };
		C3ECF8B1194DDAD90021A20F /* 20E4.png */ = {isa = PBXFileReference; lastKnownFileType = image.png; path = 20E4.png; sourceTree = "<group>"; };
		C3ECF8B2194DDAD90021A20F /* 19E3.png */ = {isa = PBXFileReference; lastKnownFileType = image.png; path = 19E3.png; sourceTree = "<group>"; };
		C3ECF8B3194DDAD90021A20F /* 21F1.png */ = {isa = PBXFileReference; lastKnownFileType = image.png; path = 21F1.png; sourceTree = "<group>"; };
		C3ECF8B4194DDAD90021A20F /* 24F4.png */ = {isa = PBXFileReference; lastKnownFileType = image.png; path = 24F4.png; sourceTree = "<group>"; };
		C3ECF8B5194DDAD90021A20F /* 23F3.png */ = {isa = PBXFileReference; lastKnownFileType = image.png; path = 23F3.png; sourceTree = "<group>"; };
		C3ECF8B6194DDAD90021A20F /* 22F2.png */ = {isa = PBXFileReference; lastKnownFileType = image.png; path = 22F2.png; sourceTree = "<group>"; };
		C3ECF8B7194DDAD90021A20F /* 25G1.png */ = {isa = PBXFileReference; lastKnownFileType = image.png; path = 25G1.png; sourceTree = "<group>"; };
		C3ECF8B8194DDAD90021A20F /* 26G2.png */ = {isa = PBXFileReference; lastKnownFileType = image.png; path = 26G2.png; sourceTree = "<group>"; };
		C3ECF8B9194DDAD90021A20F /* 28G4.png */ = {isa = PBXFileReference; lastKnownFileType = image.png; path = 28G4.png; sourceTree = "<group>"; };
		C3ECF8BA194DDAD90021A20F /* 27G3.png */ = {isa = PBXFileReference; lastKnownFileType = image.png; path = 27G3.png; sourceTree = "<group>"; };
		C3ECF8BB194DDAD90021A20F /* 29H1.png */ = {isa = PBXFileReference; lastKnownFileType = image.png; path = 29H1.png; sourceTree = "<group>"; };
		C3ECF8BC194DDAD90021A20F /* 30H2.png */ = {isa = PBXFileReference; lastKnownFileType = image.png; path = 30H2.png; sourceTree = "<group>"; };
		C3ECF8BD194DDAD90021A20F /* 32H4.png */ = {isa = PBXFileReference; lastKnownFileType = image.png; path = 32H4.png; sourceTree = "<group>"; };
		C3ECF8BE194DDAD90021A20F /* 33H3.png */ = {isa = PBXFileReference; lastKnownFileType = image.png; path = 33H3.png; sourceTree = "<group>"; };
/* End PBXFileReference section */

/* Begin PBXFrameworksBuildPhase section */
		C38A3D4D194BEF2500A0B39B /* Frameworks */ = {
			isa = PBXFrameworksBuildPhase;
			buildActionMask = 2147483647;
			files = (
			);
			runOnlyForDeploymentPostprocessing = 0;
		};
		C38A3D5D194BEF2500A0B39B /* Frameworks */ = {
			isa = PBXFrameworksBuildPhase;
			buildActionMask = 2147483647;
			files = (
			);
			runOnlyForDeploymentPostprocessing = 0;
		};
/* End PBXFrameworksBuildPhase section */

/* Begin PBXGroup section */
		C38A3D47194BEF2500A0B39B = {
			isa = PBXGroup;
			children = (
				C38A3D52194BEF2500A0B39B /* WorldCup */,
				C38A3D63194BEF2500A0B39B /* WorldCupTests */,
				C38A3D51194BEF2500A0B39B /* Products */,
			);
			sourceTree = "<group>";
		};
		C38A3D51194BEF2500A0B39B /* Products */ = {
			isa = PBXGroup;
			children = (
				C38A3D50194BEF2500A0B39B /* WorldCup.app */,
				C38A3D60194BEF2500A0B39B /* WorldCupTests.xctest */,
			);
			name = Products;
			sourceTree = "<group>";
		};
		C38A3D52194BEF2500A0B39B /* WorldCup */ = {
			isa = PBXGroup;
			children = (
				C3A4CB35194DE78400A88B63 /* image */,
				C3C241D1194D6B2D00A37C1A /* View */,
				C38A3D55194BEF2500A0B39B /* AppDelegate.swift */,
				C38A3D70194BEF6F00A0B39B /* Storyboard.storyboard */,
				C38B21D5194BFC8A00CEEA63 /* MainViewController.swift */,
				C3C241D2194D6B3B00A37C1A /* Model */,
				C38A3D5A194BEF2500A0B39B /* Images.xcassets */,
				C38A3D53194BEF2500A0B39B /* Supporting Files */,
				C3C24218194D770F00A37C1A /* TestPlayground.playground */,
			);
			path = WorldCup;
			sourceTree = "<group>";
		};
		C38A3D53194BEF2500A0B39B /* Supporting Files */ = {
			isa = PBXGroup;
			children = (
				C38A3D54194BEF2500A0B39B /* Info.plist */,
			);
			name = "Supporting Files";
			sourceTree = "<group>";
		};
		C38A3D63194BEF2500A0B39B /* WorldCupTests */ = {
			isa = PBXGroup;
			children = (
				C38A3D66194BEF2500A0B39B /* WorldCupTests.swift */,
				C38A3D64194BEF2500A0B39B /* Supporting Files */,
			);
			path = WorldCupTests;
			sourceTree = "<group>";
		};
		C38A3D64194BEF2500A0B39B /* Supporting Files */ = {
			isa = PBXGroup;
			children = (
				C38A3D65194BEF2500A0B39B /* Info.plist */,
			);
			name = "Supporting Files";
			sourceTree = "<group>";
		};
		C3A4CB35194DE78400A88B63 /* image */ = {
			isa = PBXGroup;
			children = (
				C3A4CB36194DE79200A88B63 /* ico */,
				C3C241D5194D6F4400A37C1A /* teamImage */,
			);
			name = image;
			sourceTree = "<group>";
		};
		C3A4CB36194DE79200A88B63 /* ico */ = {
			isa = PBXGroup;
			children = (
				C3A4CB37194DE7AB00A88B63 /* 2014.png */,
			);
			name = ico;
			sourceTree = "<group>";
		};
		C3C241D1194D6B2D00A37C1A /* View */ = {
			isa = PBXGroup;
			children = (
				C3A4CB33194DE6A900A88B63 /* NewsViewController.swift */,
				C3C241C3194D6AA700A37C1A /* TeamViewController.swift */,
				C38A3D79194BF48E00A0B39B /* PlayerViewController.swift */,
				C3C241C7194D6AC300A37C1A /* MatchViewController.swift */,
				C3C241CB194D6AD500A37C1A /* ShooterViewController.swift */,
				C3C241D3194D6C1300A37C1A /* TeamCollectionViewCell.swift */,
				C3ECF89D194DC9F30021A20F /* TeamCollectionReusableView.swift */,
			);
			name = View;
			sourceTree = "<group>";
		};
		C3C241D2194D6B3B00A37C1A /* Model */ = {
			isa = PBXGroup;
			children = (
				C38A3D72194BEFC600A0B39B /* worldcup2014demo.xcdatamodeld */,
				C38A3D57194BEF2500A0B39B /* WorldCup.xcdatamodeld */,
			);
			name = Model;
			sourceTree = "<group>";
		};
		C3C241D5194D6F4400A37C1A /* teamImage */ = {
			isa = PBXGroup;
			children = (
				C3ECF89F194DDAD90021A20F /* 1A1.png */,
				C3ECF8A0194DDAD90021A20F /* 4A4.png */,
				C3ECF8A1194DDAD90021A20F /* 3A3.png */,
				C3ECF8A2194DDAD90021A20F /* 2A2.png */,
				C3ECF8A3194DDAD90021A20F /* 5B1.png */,
				C3ECF8A4194DDAD90021A20F /* 7B3.png */,
				C3ECF8A5194DDAD90021A20F /* 8B4.png */,
				C3ECF8A6194DDAD90021A20F /* 6B2.png */,
				C3ECF8A7194DDAD90021A20F /* 9C1.png */,
				C3ECF8A8194DDAD90021A20F /* 12C4.png */,
				C3ECF8A9194DDAD90021A20F /* 10C2.png */,
				C3ECF8AA194DDAD90021A20F /* 11C3.png */,
				C3ECF8AB194DDAD90021A20F /* 13D1.png */,
				C3ECF8AC194DDAD90021A20F /* 15D3.png */,
				C3ECF8AD194DDAD90021A20F /* 14D2.png */,
				C3ECF8AE194DDAD90021A20F /* 16D4.png */,
				C3ECF8AF194DDAD90021A20F /* 17E1.png */,
				C3ECF8B0194DDAD90021A20F /* 18E2.png */,
				C3ECF8B1194DDAD90021A20F /* 20E4.png */,
				C3ECF8B2194DDAD90021A20F /* 19E3.png */,
				C3ECF8B3194DDAD90021A20F /* 21F1.png */,
				C3ECF8B4194DDAD90021A20F /* 24F4.png */,
				C3ECF8B5194DDAD90021A20F /* 23F3.png */,
				C3ECF8B6194DDAD90021A20F /* 22F2.png */,
				C3ECF8B7194DDAD90021A20F /* 25G1.png */,
				C3ECF8B8194DDAD90021A20F /* 26G2.png */,
				C3ECF8B9194DDAD90021A20F /* 28G4.png */,
				C3ECF8BA194DDAD90021A20F /* 27G3.png */,
				C3ECF8BB194DDAD90021A20F /* 29H1.png */,
				C3ECF8BC194DDAD90021A20F /* 30H2.png */,
				C3ECF8BD194DDAD90021A20F /* 32H4.png */,
				C3ECF8BE194DDAD90021A20F /* 33H3.png */,
			);
			name = teamImage;
			path = worldteam;
			sourceTree = "<group>";
		};
/* End PBXGroup section */

/* Begin PBXNativeTarget section */
		C38A3D4F194BEF2500A0B39B /* WorldCup */ = {
			isa = PBXNativeTarget;
			buildConfigurationList = C38A3D6A194BEF2500A0B39B /* Build configuration list for PBXNativeTarget "WorldCup" */;
			buildPhases = (
				C38A3D4C194BEF2500A0B39B /* Sources */,
				C38A3D4D194BEF2500A0B39B /* Frameworks */,
				C38A3D4E194BEF2500A0B39B /* Resources */,
			);
			buildRules = (
			);
			dependencies = (
			);
			name = WorldCup;
			productName = WorldCup;
			productReference = C38A3D50194BEF2500A0B39B /* WorldCup.app */;
			productType = "com.apple.product-type.application";
		};
		C38A3D5F194BEF2500A0B39B /* WorldCupTests */ = {
			isa = PBXNativeTarget;
			buildConfigurationList = C38A3D6D194BEF2500A0B39B /* Build configuration list for PBXNativeTarget "WorldCupTests" */;
			buildPhases = (
				C38A3D5C194BEF2500A0B39B /* Sources */,
				C38A3D5D194BEF2500A0B39B /* Frameworks */,
				C38A3D5E194BEF2500A0B39B /* Resources */,
			);
			buildRules = (
			);
			dependencies = (
				C38A3D62194BEF2500A0B39B /* PBXTargetDependency */,
			);
			name = WorldCupTests;
			productName = WorldCupTests;
			productReference = C38A3D60194BEF2500A0B39B /* WorldCupTests.xctest */;
			productType = "com.apple.product-type.bundle.unit-test";
		};
/* End PBXNativeTarget section */

/* Begin PBXProject section */
		C38A3D48194BEF2500A0B39B /* Project object */ = {
			isa = PBXProject;
			attributes = {
				LastUpgradeCheck = 0600;
				ORGANIZATIONNAME = luowb;
				TargetAttributes = {
					C38A3D4F194BEF2500A0B39B = {
						CreatedOnToolsVersion = 6.0;
					};
					C38A3D5F194BEF2500A0B39B = {
						CreatedOnToolsVersion = 6.0;
						TestTargetID = C38A3D4F194BEF2500A0B39B;
					};
				};
			};
			buildConfigurationList = C38A3D4B194BEF2500A0B39B /* Build configuration list for PBXProject "WorldCup" */;
			compatibilityVersion = "Xcode 3.2";
			developmentRegion = English;
			hasScannedForEncodings = 0;
			knownRegions = (
				en,
			);
			mainGroup = C38A3D47194BEF2500A0B39B;
			productRefGroup = C38A3D51194BEF2500A0B39B /* Products */;
			projectDirPath = "";
			projectRoot = "";
			targets = (
				C38A3D4F194BEF2500A0B39B /* WorldCup */,
				C38A3D5F194BEF2500A0B39B /* WorldCupTests */,
			);
		};
/* End PBXProject section */

/* Begin PBXResourcesBuildPhase section */
		C38A3D4E194BEF2500A0B39B /* Resources */ = {
			isa = PBXResourcesBuildPhase;
			buildActionMask = 2147483647;
			files = (
				C3ECF8D7194DDAD90021A20F /* 25G1.png in Resources */,
				C3ECF8D9194DDAD90021A20F /* 28G4.png in Resources */,
				C3ECF8CE194DDAD90021A20F /* 16D4.png in Resources */,
				C3ECF8C5194DDAD90021A20F /* 8B4.png in Resources */,
				C3ECF8C7194DDAD90021A20F /* 9C1.png in Resources */,
				C3ECF8C2194DDAD90021A20F /* 2A2.png in Resources */,
				C3ECF8C0194DDAD90021A20F /* 4A4.png in Resources */,
				C3A4CB38194DE7AB00A88B63 /* 2014.png in Resources */,
				C38A3D5B194BEF2500A0B39B /* Images.xcassets in Resources */,
				C3ECF8C3194DDAD90021A20F /* 5B1.png in Resources */,
				C3ECF8D5194DDAD90021A20F /* 23F3.png in Resources */,
				C3ECF8D0194DDAD90021A20F /* 18E2.png in Resources */,
				C3ECF8D6194DDAD90021A20F /* 22F2.png in Resources */,
				C3ECF8DB194DDAD90021A20F /* 29H1.png in Resources */,
				C3ECF8DA194DDAD90021A20F /* 27G3.png in Resources */,
				C3ECF8CC194DDAD90021A20F /* 15D3.png in Resources */,
				C3ECF8C1194DDAD90021A20F /* 3A3.png in Resources */,
				C3ECF8D2194DDAD90021A20F /* 19E3.png in Resources */,
				C3ECF8C4194DDAD90021A20F /* 7B3.png in Resources */,
				C3ECF8CF194DDAD90021A20F /* 17E1.png in Resources */,
				C3ECF8D1194DDAD90021A20F /* 20E4.png in Resources */,
				C3ECF8C6194DDAD90021A20F /* 6B2.png in Resources */,
				C3ECF8D4194DDAD90021A20F /* 24F4.png in Resources */,
				C3ECF8CD194DDAD90021A20F /* 14D2.png in Resources */,
				C3ECF8C8194DDAD90021A20F /* 12C4.png in Resources */,
				C3ECF8DC194DDAD90021A20F /* 30H2.png in Resources */,
				C3ECF8D3194DDAD90021A20F /* 21F1.png in Resources */,
				C3ECF8DE194DDAD90021A20F /* 33H3.png in Resources */,
				C3ECF8C9194DDAD90021A20F /* 10C2.png in Resources */,
				C3ECF8CA194DDAD90021A20F /* 11C3.png in Resources */,
				C3ECF8D8194DDAD90021A20F /* 26G2.png in Resources */,
				C3ECF8CB194DDAD90021A20F /* 13D1.png in Resources */,
				C3ECF8DD194DDAD90021A20F /* 32H4.png in Resources */,
				C3ECF8BF194DDAD90021A20F /* 1A1.png in Resources */,
				C38A3D71194BEF6F00A0B39B /* Storyboard.storyboard in Resources */,
			);
			runOnlyForDeploymentPostprocessing = 0;
		};
		C38A3D5E194BEF2500A0B39B /* Resources */ = {
			isa = PBXResourcesBuildPhase;
			buildActionMask = 2147483647;
			files = (
			);
			runOnlyForDeploymentPostprocessing = 0;
		};
/* End PBXResourcesBuildPhase section */

/* Begin PBXSourcesBuildPhase section */
		C38A3D4C194BEF2500A0B39B /* Sources */ = {
			isa = PBXSourcesBuildPhase;
			buildActionMask = 2147483647;
			files = (
				C3C241D4194D6C1300A37C1A /* TeamCollectionViewCell.swift in Sources */,
				C38A3D7A194BF48E00A0B39B /* PlayerViewController.swift in Sources */,
				C3ECF89E194DC9F30021A20F /* TeamCollectionReusableView.swift in Sources */,
				C3C241CD194D6AD500A37C1A /* ShooterViewController.swift in Sources */,
				C3A4CB34194DE6A900A88B63 /* NewsViewController.swift in Sources */,
				C3C241C5194D6AA700A37C1A /* TeamViewController.swift in Sources */,
				C3C241C9194D6AC300A37C1A /* MatchViewController.swift in Sources */,
				C38A3D74194BEFC600A0B39B /* worldcup2014demo.xcdatamodeld in Sources */,
				C38A3D56194BEF2500A0B39B /* AppDelegate.swift in Sources */,
				C38A3D59194BEF2500A0B39B /* WorldCup.xcdatamodeld in Sources */,
				C38B21D6194BFC8A00CEEA63 /* MainViewController.swift in Sources */,
			);
			runOnlyForDeploymentPostprocessing = 0;
		};
		C38A3D5C194BEF2500A0B39B /* Sources */ = {
			isa = PBXSourcesBuildPhase;
			buildActionMask = 2147483647;
			files = (
				C38A3D67194BEF2500A0B39B /* WorldCupTests.swift in Sources */,
			);
			runOnlyForDeploymentPostprocessing = 0;
		};
/* End PBXSourcesBuildPhase section */

/* Begin PBXTargetDependency section */
		C38A3D62194BEF2500A0B39B /* PBXTargetDependency */ = {
			isa = PBXTargetDependency;
			target = C38A3D4F194BEF2500A0B39B /* WorldCup */;
			targetProxy = C38A3D61194BEF2500A0B39B /* PBXContainerItemProxy */;
		};
/* End PBXTargetDependency section */

/* Begin XCBuildConfiguration section */
		C38A3D68194BEF2500A0B39B /* Debug */ = {
			isa = XCBuildConfiguration;
			buildSettings = {
				ALWAYS_SEARCH_USER_PATHS = NO;
				CLANG_CXX_LANGUAGE_STANDARD = "gnu++0x";
				CLANG_CXX_LIBRARY = "libc++";
				CLANG_ENABLE_MODULES = YES;
				CLANG_ENABLE_OBJC_ARC = YES;
				CLANG_WARN_BOOL_CONVERSION = YES;
				CLANG_WARN_CONSTANT_CONVERSION = YES;
				CLANG_WARN_DIRECT_OBJC_ISA_USAGE = YES_ERROR;
				CLANG_WARN_EMPTY_BODY = YES;
				CLANG_WARN_ENUM_CONVERSION = YES;
				CLANG_WARN_INT_CONVERSION = YES;
				CLANG_WARN_OBJC_ROOT_CLASS = YES_ERROR;
				CLANG_WARN_UNREACHABLE_CODE = YES;
				CLANG_WARN__DUPLICATE_METHOD_MATCH = YES;
				"CODE_SIGN_IDENTITY[sdk=iphoneos*]" = "iPhone Developer";
				COPY_PHASE_STRIP = NO;
				ENABLE_STRICT_OBJC_MSGSEND = YES;
				GCC_C_LANGUAGE_STANDARD = gnu99;
				GCC_DYNAMIC_NO_PIC = NO;
				GCC_OPTIMIZATION_LEVEL = 0;
				GCC_PREPROCESSOR_DEFINITIONS = (
					"DEBUG=1",
					"$(inherited)",
				);
				GCC_SYMBOLS_PRIVATE_EXTERN = NO;
				GCC_WARN_64_TO_32_BIT_CONVERSION = YES;
				GCC_WARN_ABOUT_RETURN_TYPE = YES_ERROR;
				GCC_WARN_UNDECLARED_SELECTOR = YES;
				GCC_WARN_UNINITIALIZED_AUTOS = YES_AGGRESSIVE;
				GCC_WARN_UNUSED_FUNCTION = YES;
				GCC_WARN_UNUSED_VARIABLE = YES;
				IPHONEOS_DEPLOYMENT_TARGET = 8.0;
				METAL_ENABLE_DEBUG_INFO = YES;
				ONLY_ACTIVE_ARCH = YES;
				SDKROOT = iphoneos;
				SWIFT_OPTIMIZATION_LEVEL = "-Onone";
			};
			name = Debug;
		};
		C38A3D69194BEF2500A0B39B /* Release */ = {
			isa = XCBuildConfiguration;
			buildSettings = {
				ALWAYS_SEARCH_USER_PATHS = NO;
				CLANG_CXX_LANGUAGE_STANDARD = "gnu++0x";
				CLANG_CXX_LIBRARY = "libc++";
				CLANG_ENABLE_MODULES = YES;
				CLANG_ENABLE_OBJC_ARC = YES;
				CLANG_WARN_BOOL_CONVERSION = YES;
				CLANG_WARN_CONSTANT_CONVERSION = YES;
				CLANG_WARN_DIRECT_OBJC_ISA_USAGE = YES_ERROR;
				CLANG_WARN_EMPTY_BODY = YES;
				CLANG_WARN_ENUM_CONVERSION = YES;
				CLANG_WARN_INT_CONVERSION = YES;
				CLANG_WARN_OBJC_ROOT_CLASS = YES_ERROR;
				CLANG_WARN_UNREACHABLE_CODE = YES;
				CLANG_WARN__DUPLICATE_METHOD_MATCH = YES;
				"CODE_SIGN_IDENTITY[sdk=iphoneos*]" = "iPhone Developer";
				COPY_PHASE_STRIP = YES;
				ENABLE_NS_ASSERTIONS = NO;
				ENABLE_STRICT_OBJC_MSGSEND = YES;
				GCC_C_LANGUAGE_STANDARD = gnu99;
				GCC_WARN_64_TO_32_BIT_CONVERSION = YES;
				GCC_WARN_ABOUT_RETURN_TYPE = YES_ERROR;
				GCC_WARN_UNDECLARED_SELECTOR = YES;
				GCC_WARN_UNINITIALIZED_AUTOS = YES_AGGRESSIVE;
				GCC_WARN_UNUSED_FUNCTION = YES;
				GCC_WARN_UNUSED_VARIABLE = YES;
				IPHONEOS_DEPLOYMENT_TARGET = 8.0;
				METAL_ENABLE_DEBUG_INFO = NO;
				SDKROOT = iphoneos;
				VALIDATE_PRODUCT = YES;
			};
			name = Release;
		};
		C38A3D6B194BEF2500A0B39B /* Debug */ = {
			isa = XCBuildConfiguration;
			buildSettings = {
				ASSETCATALOG_COMPILER_APPICON_NAME = AppIcon;
				ASSETCATALOG_COMPILER_LAUNCHIMAGE_NAME = LaunchImage;
				INFOPLIST_FILE = WorldCup/Info.plist;
				IPHONEOS_DEPLOYMENT_TARGET = 8.0;
				LD_RUNPATH_SEARCH_PATHS = "$(inherited) @executable_path/Frameworks";
				PRODUCT_NAME = "$(TARGET_NAME)";
			};
			name = Debug;
		};
		C38A3D6C194BEF2500A0B39B /* Release */ = {
			isa = XCBuildConfiguration;
			buildSettings = {
				ASSETCATALOG_COMPILER_APPICON_NAME = AppIcon;
				ASSETCATALOG_COMPILER_LAUNCHIMAGE_NAME = LaunchImage;
				INFOPLIST_FILE = WorldCup/Info.plist;
				IPHONEOS_DEPLOYMENT_TARGET = 8.0;
				LD_RUNPATH_SEARCH_PATHS = "$(inherited) @executable_path/Frameworks";
				PRODUCT_NAME = "$(TARGET_NAME)";
			};
			name = Release;
		};
		C38A3D6E194BEF2500A0B39B /* Debug */ = {
			isa = XCBuildConfiguration;
			buildSettings = {
				BUNDLE_LOADER = "$(BUILT_PRODUCTS_DIR)/WorldCup.app/WorldCup";
				FRAMEWORK_SEARCH_PATHS = (
					"$(SDKROOT)/Developer/Library/Frameworks",
					"$(inherited)",
				);
				GCC_PREPROCESSOR_DEFINITIONS = (
					"DEBUG=1",
					"$(inherited)",
				);
				INFOPLIST_FILE = WorldCupTests/Info.plist;
				LD_RUNPATH_SEARCH_PATHS = "$(inherited) @executable_path/Frameworks @loader_path/Frameworks";
				METAL_ENABLE_DEBUG_INFO = YES;
				PRODUCT_NAME = "$(TARGET_NAME)";
				TEST_HOST = "$(BUNDLE_LOADER)";
			};
			name = Debug;
		};
		C38A3D6F194BEF2500A0B39B /* Release */ = {
			isa = XCBuildConfiguration;
			buildSettings = {
				BUNDLE_LOADER = "$(BUILT_PRODUCTS_DIR)/WorldCup.app/WorldCup";
				FRAMEWORK_SEARCH_PATHS = (
					"$(SDKROOT)/Developer/Library/Frameworks",
					"$(inherited)",
				);
				INFOPLIST_FILE = WorldCupTests/Info.plist;
				LD_RUNPATH_SEARCH_PATHS = "$(inherited) @executable_path/Frameworks @loader_path/Frameworks";
				METAL_ENABLE_DEBUG_INFO = NO;
				PRODUCT_NAME = "$(TARGET_NAME)";
				TEST_HOST = "$(BUNDLE_LOADER)";
			};
			name = Release;
		};
/* End XCBuildConfiguration section */

/* Begin XCConfigurationList section */
		C38A3D4B194BEF2500A0B39B /* Build configuration list for PBXProject "WorldCup" */ = {
			isa = XCConfigurationList;
			buildConfigurations = (
				C38A3D68194BEF2500A0B39B /* Debug */,
				C38A3D69194BEF2500A0B39B /* Release */,
			);
			defaultConfigurationIsVisible = 0;
			defaultConfigurationName = Release;
		};
		C38A3D6A194BEF2500A0B39B /* Build configuration list for PBXNativeTarget "WorldCup" */ = {
			isa = XCConfigurationList;
			buildConfigurations = (
				C38A3D6B194BEF2500A0B39B /* Debug */,
				C38A3D6C194BEF2500A0B39B /* Release */,
			);
			defaultConfigurationIsVisible = 0;
			defaultConfigurationName = Release;
		};
		C38A3D6D194BEF2500A0B39B /* Build configuration list for PBXNativeTarget "WorldCupTests" */ = {
			isa = XCConfigurationList;
			buildConfigurations = (
				C38A3D6E194BEF2500A0B39B /* Debug */,
				C38A3D6F194BEF2500A0B39B /* Release */,
			);
			defaultConfigurationIsVisible = 0;
			defaultConfigurationName = Release;
		};
/* End XCConfigurationList section */

/* Begin XCVersionGroup section */
		C38A3D57194BEF2500A0B39B /* WorldCup.xcdatamodeld */ = {
			isa = XCVersionGroup;
			children = (
				C38A3D58194BEF2500A0B39B /* WorldCup.xcdatamodel */,
			);
			currentVersion = C38A3D58194BEF2500A0B39B /* WorldCup.xcdatamodel */;
			path = WorldCup.xcdatamodeld;
			sourceTree = "<group>";
			versionGroupType = wrapper.xcdatamodel;
		};
		C38A3D72194BEFC600A0B39B /* worldcup2014demo.xcdatamodeld */ = {
			isa = XCVersionGroup;
			children = (
				C38A3D73194BEFC600A0B39B /* worldcup2014demo.xcdatamodel */,
			);
			currentVersion = C38A3D73194BEFC600A0B39B /* worldcup2014demo.xcdatamodel */;
			name = worldcup2014demo.xcdatamodeld;
			path = ../../../20140608/worldcup2014demo/worldcup2014demo/worldcup2014demo.xcdatamodeld;
			sourceTree = "<group>";
			versionGroupType = wrapper.xcdatamodel;
		};
/* End XCVersionGroup section */
	};
	rootObject = C38A3D48194BEF2500A0B39B /* Project object */;
}
